
Microsoft Visual Studio Solution File, Format Version 12.00
# Visual Studio Version 17
VisualStudioVersion = 17.4.33122.133
MinimumVisualStudioVersion = 10.0.40219.1
Project("{FAE04EC0-301F-11D3-BF4B-00C04F79EFBC}") = "anch_dock_pro", "anch_dock_pro\anch_dock_pro.csproj", "{CCF59699-D4EC-4BDC-AD78-6FFA18D2726A}"
EndProject
Global
	GlobalSection(SolutionConfigurationPlatforms) = preSolution
		Debug|Any CPU = Debug|Any CPU
		Release|Any CPU = Release|Any CPU
	EndGlobalSection
	GlobalSection(ProjectConfigurationPlatforms) = postSolution
		{CCF59699-D4EC-4BDC-AD78-6FFA18D2726A}.Debug|Any CPU.ActiveCfg = Debug|Any CPU
		{CCF59699-D4EC-4BDC-AD78-6FFA18D2726A}.Debug|Any CPU.Build.0 = Debug|Any CPU
		{CCF59699-D4EC-4BDC-AD78-6FFA18D2726A}.Release|Any CPU.ActiveCfg = Release|Any CPU
		{CCF59699-D4EC-4BDC-AD78-6FFA18D2726A}.Release|Any CPU.Build.0 = Release|Any CPU
	EndGlobalSection
	GlobalSection(SolutionProperties) = preSolution
		HideSolutionNode = FALSE
	EndGlobalSection
	GlobalSection(ExtensibilityGlobals) = postSolution
		SolutionGuid = {8DA2AADB-B36F-4199-9261-63F4E4A56347}
	EndGlobalSection
EndGlobal
